{
  "pins" : [
    {
      "identity" : "swift-mock",
      "kind" : "remoteSourceControl",
      "location" : "https://github.com/MetalheadSanya/swift-mock",
      "state" : {
        "revision" : "54b3e1b980e0383f0d9cf09335b6b5f1c11bfab5",
        "version" : "0.8.0"
      }
    },
    {
      "identity" : "swift-syntax",
      "kind" : "remoteSourceControl",
      "location" : "https://github.com/apple/swift-syntax.git",
      "state" : {
        "revision" : "6ad4ea24b01559dde0773e3d091f1b9e36175036",
        "version" : "509.0.2"
      }
    }
  ],
  "version" : 2
}
