{
  "originHash" : "6dd3b90b1ce726038381a58821aca6fd55788dde692cfb3c67567ca5439f9b83",
  "pins" : [
    {
      "identity" : "splitview",
      "kind" : "remoteSourceControl",
      "location" : "https://github.com/stevengharris/SplitView",
      "state" : {
        "revision" : "7737a80740919c2fa94a6e64f870d37ef77b9b5f",
        "version" : "3.5.3"
      }
    },
    {
      "identity" : "swift-mock",
      "kind" : "remoteSourceControl",
      "location" : "https://github.com/MetalheadSanya/swift-mock",
      "state" : {
        "revision" : "54b3e1b980e0383f0d9cf09335b6b5f1c11bfab5",
        "version" : "0.8.0"
      }
    },
    {
      "identity" : "swift-syntax",
      "kind" : "remoteSourceControl",
      "location" : "https://github.com/apple/swift-syntax.git",
      "state" : {
        "revision" : "64889f0c732f210a935a0ad7cda38f77f876262d",
        "version" : "509.1.1"
      }
    }
  ],
  "version" : 3
}
