// !$*UTF8*$!
{
	archiveVersion = 1;
	classes = {
	};
	objectVersion = 110;
	objects = {

/* Begin PBXBuildFile section */
		612D0EE6305707AF00B487A9 /* UtilityKit.framework in Frameworks */ = {isa = PBXBuildFile; fileRef = 612D0EDB305707AF00B487A9 /* UtilityKit.framework */; };
		612D0EF0305707AF00B487A9 /* UtilityKit.framework in Frameworks */ = {isa = PBXBuildFile; fileRef = 612D0EDB305707AF00B487A9 /* UtilityKit.framework */; };
		612D0EF1305707AF00B487A9 /* UtilityKit.framework in Embed Frameworks */ = {isa = PBXBuildFile; fileRef = 612D0EDB305707AF00B487A9 /* UtilityKit.framework */; settings = {ATTRIBUTES = (CodeSignOnCopy, RemoveHeadersOnCopy, ); }; };
		612D0F0B305707C700B487A9 /* WebSocketKit.framework in Frameworks */ = {isa = PBXBuildFile; fileRef = 612D0F00305707C700B487A9 /* WebSocketKit.framework */; };
		612D0F15305707C700B487A9 /* WebSocketKit.framework in Frameworks */ = {isa = PBXBuildFile; fileRef = 612D0F00305707C700B487A9 /* WebSocketKit.framework */; };
		612D0F16305707C700B487A9 /* WebSocketKit.framework in Embed Frameworks */ = {isa = PBXBuildFile; fileRef = 612D0F00305707C700B487A9 /* WebSocketKit.framework */; settings = {ATTRIBUTES = (CodeSignOnCopy, RemoveHeadersOnCopy, ); }; };
		612D0F33305707D800B487A9 /* AirDCKit.framework in Frameworks */ = {isa = PBXBuildFile; fileRef = 612D0F28305707D800B487A9 /* AirDCKit.framework */; };
		612D0F3D305707D800B487A9 /* AirDCKit.framework in Frameworks */ = {isa = PBXBuildFile; fileRef = 612D0F28305707D800B487A9 /* AirDCKit.framework */; };
		612D0F3E305707D800B487A9 /* AirDCKit.framework in Embed Frameworks */ = {isa = PBXBuildFile; fileRef = 612D0F28305707D800B487A9 /* AirDCKit.framework */; settings = {ATTRIBUTES = (CodeSignOnCopy, RemoveHeadersOnCopy, ); }; };
		612D0F5530570A2600B487A9 /* SplitView in Frameworks */ = {isa = PBXBuildFile; productRef = 612D0F5430570A2600B487A9 /* SplitView */; };
		612D0FBF30570C1000B487A9 /* SwiftMockConfiguration in Frameworks */ = {isa = PBXBuildFile; productRef = 612D0FBE30570C1000B487A9 /* SwiftMockConfiguration */; };
		612D0FC230570C3400B487A9 /* SwiftMockConfiguration in Frameworks */ = {isa = PBXBuildFile; productRef = 612D0FC130570C3400B487A9 /* SwiftMockConfiguration */; };
/* End PBXBuildFile section */

/* Begin PBXContainerItemProxy section */
		612D0E733057071700B487A9 /* PBXContainerItemProxy */ = {
			isa = PBXContainerItemProxy;
			containerPortal = 612D0E5D3057071500B487A9 /* Project object */;
			proxyType = 1;
			remoteGlobalIDString = 612D0E643057071500B487A9;
			remoteInfo = AirDC;
		};
		612D0E7D3057071700B487A9 /* PBXContainerItemProxy */ = {
			isa = PBXContainerItemProxy;
			containerPortal = 612D0E5D3057071500B487A9 /* Project object */;
			proxyType = 1;
			remoteGlobalIDString = 612D0E643057071500B487A9;
			remoteInfo = AirDC;
		};
		612D0EE7305707AF00B487A9 /* PBXContainerItemProxy */ = {
			isa = PBXContainerItemProxy;
			containerPortal = 612D0E5D3057071500B487A9 /* Project object */;
			proxyType = 1;
			remoteGlobalIDString = 612D0EDA305707AF00B487A9;
			remoteInfo = UtilityKit;
		};
		612D0EE9305707AF00B487A9 /* PBXContainerItemProxy */ = {
			isa = PBXContainerItemProxy;
			containerPortal = 612D0E5D3057071500B487A9 /* Project object */;
			proxyType = 1;
			remoteGlobalIDString = 612D0E643057071500B487A9;
			remoteInfo = AirDC;
		};
		612D0EEE305707AF00B487A9 /* PBXContainerItemProxy */ = {
			isa = PBXContainerItemProxy;
			containerPortal = 612D0E5D3057071500B487A9 /* Project object */;
			proxyType = 1;
			remoteGlobalIDString = 612D0EDA305707AF00B487A9;
			remoteInfo = UtilityKit;
		};
		612D0F0C305707C700B487A9 /* PBXContainerItemProxy */ = {
			isa = PBXContainerItemProxy;
			containerPortal = 612D0E5D3057071500B487A9 /* Project object */;
			proxyType = 1;
			remoteGlobalIDString = 612D0EFF305707C700B487A9;
			remoteInfo = WebSocketKit;
		};
		612D0F0E305707C700B487A9 /* PBXContainerItemProxy */ = {
			isa = PBXContainerItemProxy;
			containerPortal = 612D0E5D3057071500B487A9 /* Project object */;
			proxyType = 1;
			remoteGlobalIDString = 612D0E643057071500B487A9;
			remoteInfo = AirDC;
		};
		612D0F13305707C700B487A9 /* PBXContainerItemProxy */ = {
			isa = PBXContainerItemProxy;
			containerPortal = 612D0E5D3057071500B487A9 /* Project object */;
			proxyType = 1;
			remoteGlobalIDString = 612D0EFF305707C700B487A9;
			remoteInfo = WebSocketKit;
		};
		612D0F34305707D800B487A9 /* PBXContainerItemProxy */ = {
			isa = PBXContainerItemProxy;
			containerPortal = 612D0E5D3057071500B487A9 /* Project object */;
			proxyType = 1;
			remoteGlobalIDString = 612D0F27305707D800B487A9;
			remoteInfo = AirDCKit;
		};
		612D0F36305707D800B487A9 /* PBXContainerItemProxy */ = {
			isa = PBXContainerItemProxy;
			containerPortal = 612D0E5D3057071500B487A9 /* Project object */;
			proxyType = 1;
			remoteGlobalIDString = 612D0E643057071500B487A9;
			remoteInfo = AirDC;
		};
		612D0F3B305707D800B487A9 /* PBXContainerItemProxy */ = {
			isa = PBXContainerItemProxy;
			containerPortal = 612D0E5D3057071500B487A9 /* Project object */;
			proxyType = 1;
			remoteGlobalIDString = 612D0F27305707D800B487A9;
			remoteInfo = AirDCKit;
		};
		612D0FD33058590F00B487A9 /* PBXContainerItemProxy */ = {
			isa = PBXContainerItemProxy;
			containerPortal = 612D0E5D3057071500B487A9 /* Project object */;
			proxyType = 1;
			remoteGlobalIDString = 612D0FC630584B9700B487A9;
			remoteInfo = TestHost;
		};
		612D0FD53058591300B487A9 /* PBXContainerItemProxy */ = {
			isa = PBXContainerItemProxy;
			containerPortal = 612D0E5D3057071500B487A9 /* Project object */;
			proxyType = 1;
			remoteGlobalIDString = 612D0FC630584B9700B487A9;
			remoteInfo = TestHost;
		};
/* End PBXContainerItemProxy section */

/* Begin PBXCopyFilesBuildPhase section */
		612D0EF2305707AF00B487A9 /* Embed Frameworks */ = {
			isa = PBXCopyFilesBuildPhase;
			dstPath = "";
			dstSubfolder = Frameworks;
			files = (
				612D0F3E305707D800B487A9 /* AirDCKit.framework in Embed Frameworks */,
				612D0EF1305707AF00B487A9 /* UtilityKit.framework in Embed Frameworks */,
				612D0F16305707C700B487A9 /* WebSocketKit.framework in Embed Frameworks */,
			);
			name = "Embed Frameworks";
		};
/* End PBXCopyFilesBuildPhase section */

/* Begin PBXFileReference section */
		612D0E653057071500B487A9 /* AirDC.app */ = {isa = PBXFileReference; explicitFileType = wrapper.application; includeInIndex = 0; path = AirDC.app; sourceTree = BUILT_PRODUCTS_DIR; };
		612D0E723057071700B487A9 /* AirDCTests.xctest */ = {isa = PBXFileReference; explicitFileType = wrapper.cfbundle; includeInIndex = 0; path = AirDCTests.xctest; sourceTree = BUILT_PRODUCTS_DIR; };
		612D0E7C3057071700B487A9 /* AirDCUITests.xctest */ = {isa = PBXFileReference; explicitFileType = wrapper.cfbundle; includeInIndex = 0; path = AirDCUITests.xctest; sourceTree = BUILT_PRODUCTS_DIR; };
		612D0EDB305707AF00B487A9 /* UtilityKit.framework */ = {isa = PBXFileReference; explicitFileType = wrapper.framework; includeInIndex = 0; path = UtilityKit.framework; sourceTree = BUILT_PRODUCTS_DIR; };
		612D0EE5305707AF00B487A9 /* UtilityKitTests.xctest */ = {isa = PBXFileReference; explicitFileType = wrapper.cfbundle; includeInIndex = 0; path = UtilityKitTests.xctest; sourceTree = BUILT_PRODUCTS_DIR; };
		612D0F00305707C700B487A9 /* WebSocketKit.framework */ = {isa = PBXFileReference; explicitFileType = wrapper.framework; includeInIndex = 0; path = WebSocketKit.framework; sourceTree = BUILT_PRODUCTS_DIR; };
		612D0F0A305707C700B487A9 /* WebSocketKitTests.xctest */ = {isa = PBXFileReference; explicitFileType = wrapper.cfbundle; includeInIndex = 0; path = WebSocketKitTests.xctest; sourceTree = BUILT_PRODUCTS_DIR; };
		612D0F28305707D800B487A9 /* AirDCKit.framework */ = {isa = PBXFileReference; explicitFileType = wrapper.framework; includeInIndex = 0; path = AirDCKit.framework; sourceTree = BUILT_PRODUCTS_DIR; };
		612D0F32305707D800B487A9 /* AirDCKitTests.xctest */ = {isa = PBXFileReference; explicitFileType = wrapper.cfbundle; includeInIndex = 0; path = AirDCKitTests.xctest; sourceTree = BUILT_PRODUCTS_DIR; };
		612D0FC730584B9700B487A9 /* TestHost.app */ = {isa = PBXFileReference; explicitFileType = wrapper.application; includeInIndex = 0; path = TestHost.app; sourceTree = BUILT_PRODUCTS_DIR; };
/* End PBXFileReference section */

/* Begin PBXFileSystemSynchronizedRootGroup section */
		612D0E673057071500B487A9 /* AirDC */ = {
			isa = PBXFileSystemSynchronizedRootGroup;
			path = AirDC;
			sourceTree = "<group>";
		};
		612D0E753057071700B487A9 /* AirDCTests */ = {
			isa = PBXFileSystemSynchronizedRootGroup;
			path = AirDCTests;
			sourceTree = "<group>";
		};
		612D0E7F3057071700B487A9 /* AirDCUITests */ = {
			isa = PBXFileSystemSynchronizedRootGroup;
			path = AirDCUITests;
			sourceTree = "<group>";
		};
		612D0EDC305707AF00B487A9 /* UtilityKit */ = {
			isa = PBXFileSystemSynchronizedRootGroup;
			path = UtilityKit;
			sourceTree = "<group>";
		};
		612D0EEB305707AF00B487A9 /* UtilityKitTests */ = {
			isa = PBXFileSystemSynchronizedRootGroup;
			path = UtilityKitTests;
			sourceTree = "<group>";
		};
		612D0F01305707C700B487A9 /* WebSocketKit */ = {
			isa = PBXFileSystemSynchronizedRootGroup;
			path = WebSocketKit;
			sourceTree = "<group>";
		};
		612D0F10305707C700B487A9 /* WebSocketKitTests */ = {
			isa = PBXFileSystemSynchronizedRootGroup;
			path = WebSocketKitTests;
			sourceTree = "<group>";
		};
		612D0F29305707D800B487A9 /* AirDCKit */ = {
			isa = PBXFileSystemSynchronizedRootGroup;
			path = AirDCKit;
			sourceTree = "<group>";
		};
		612D0F38305707D800B487A9 /* AirDCKitTests */ = {
			isa = PBXFileSystemSynchronizedRootGroup;
			path = AirDCKitTests;
			sourceTree = "<group>";
		};
		612D0FC830584B9700B487A9 /* TestHost */ = {
			isa = PBXFileSystemSynchronizedRootGroup;
			path = TestHost;
			sourceTree = "<group>";
		};
/* End PBXFileSystemSynchronizedRootGroup section */

/* Begin PBXFrameworksBuildPhase section */
		612D0E623057071500B487A9 /* Frameworks */ = {
			isa = PBXFrameworksBuildPhase;
			files = (
				612D0F5530570A2600B487A9 /* SplitView in Frameworks */,
				612D0F3D305707D800B487A9 /* AirDCKit.framework in Frameworks */,
				612D0EF0305707AF00B487A9 /* UtilityKit.framework in Frameworks */,
				612D0F15305707C700B487A9 /* WebSocketKit.framework in Frameworks */,
			);
		};
		612D0E6F3057071700B487A9 /* Frameworks */ = {
			isa = PBXFrameworksBuildPhase;
			files = (
				612D0FBF30570C1000B487A9 /* SwiftMockConfiguration in Frameworks */,
			);
		};
		612D0E793057071700B487A9 /* Frameworks */ = {
			isa = PBXFrameworksBuildPhase;
			files = (
			);
		};
		612D0ED8305707AF00B487A9 /* Frameworks */ = {
			isa = PBXFrameworksBuildPhase;
			files = (
			);
		};
		612D0EE2305707AF00B487A9 /* Frameworks */ = {
			isa = PBXFrameworksBuildPhase;
			files = (
				612D0EE6305707AF00B487A9 /* UtilityKit.framework in Frameworks */,
			);
		};
		612D0EFD305707C700B487A9 /* Frameworks */ = {
			isa = PBXFrameworksBuildPhase;
			files = (
			);
		};
		612D0F07305707C700B487A9 /* Frameworks */ = {
			isa = PBXFrameworksBuildPhase;
			files = (
				612D0F0B305707C700B487A9 /* WebSocketKit.framework in Frameworks */,
				612D0FC230570C3400B487A9 /* SwiftMockConfiguration in Frameworks */,
			);
		};
		612D0F25305707D800B487A9 /* Frameworks */ = {
			isa = PBXFrameworksBuildPhase;
			files = (
			);
		};
		612D0F2F305707D800B487A9 /* Frameworks */ = {
			isa = PBXFrameworksBuildPhase;
			files = (
				612D0F33305707D800B487A9 /* AirDCKit.framework in Frameworks */,
			);
		};
		612D0FC430584B9700B487A9 /* Frameworks */ = {
			isa = PBXFrameworksBuildPhase;
			files = (
			);
		};
/* End PBXFrameworksBuildPhase section */

/* Begin PBXGroup section */
		612D0E5C3057071500B487A9 = {
			isa = PBXGroup;
			children = (
				612D0E673057071500B487A9 /* AirDC */,
				612D0E753057071700B487A9 /* AirDCTests */,
				612D0E7F3057071700B487A9 /* AirDCUITests */,
				612D0EDC305707AF00B487A9 /* UtilityKit */,
				612D0EEB305707AF00B487A9 /* UtilityKitTests */,
				612D0F01305707C700B487A9 /* WebSocketKit */,
				612D0F10305707C700B487A9 /* WebSocketKitTests */,
				612D0F29305707D800B487A9 /* AirDCKit */,
				612D0F38305707D800B487A9 /* AirDCKitTests */,
				612D0FC830584B9700B487A9 /* TestHost */,
				612D0FC030570C3400B487A9 /* Frameworks */,
				612D0E663057071500B487A9 /* Products */,
			);
			sourceTree = "<group>";
		};
		612D0E663057071500B487A9 /* Products */ = {
			isa = PBXGroup;
			children = (
				612D0E653057071500B487A9 /* AirDC.app */,
				612D0E723057071700B487A9 /* AirDCTests.xctest */,
				612D0E7C3057071700B487A9 /* AirDCUITests.xctest */,
				612D0EDB305707AF00B487A9 /* UtilityKit.framework */,
				612D0EE5305707AF00B487A9 /* UtilityKitTests.xctest */,
				612D0F00305707C700B487A9 /* WebSocketKit.framework */,
				612D0F0A305707C700B487A9 /* WebSocketKitTests.xctest */,
				612D0F28305707D800B487A9 /* AirDCKit.framework */,
				612D0F32305707D800B487A9 /* AirDCKitTests.xctest */,
				612D0FC730584B9700B487A9 /* TestHost.app */,
			);
			name = Products;
			sourceTree = "<group>";
		};
		612D0FC030570C3400B487A9 /* Frameworks */ = {
			isa = PBXGroup;
			children = (
			);
			name = Frameworks;
			sourceTree = "<group>";
		};
/* End PBXGroup section */

/* Begin PBXHeadersBuildPhase section */
		612D0ED6305707AF00B487A9 /* Headers */ = {
			isa = PBXHeadersBuildPhase;
			files = (
			);
		};
		612D0EFB305707C700B487A9 /* Headers */ = {
			isa = PBXHeadersBuildPhase;
			files = (
			);
		};
		612D0F23305707D800B487A9 /* Headers */ = {
			isa = PBXHeadersBuildPhase;
			files = (
			);
		};
/* End PBXHeadersBuildPhase section */

/* Begin PBXNativeTarget section */
		612D0E643057071500B487A9 /* AirDC */ = {
			isa = PBXNativeTarget;
			buildConfigurationList = 612D0E843057071700B487A9 /* Build configuration list for PBXNativeTarget "AirDC" */;
			buildPhases = (
				612D0E613057071500B487A9 /* Sources */,
				612D0E623057071500B487A9 /* Frameworks */,
				612D0E633057071500B487A9 /* Resources */,
				612D0EF2305707AF00B487A9 /* Embed Frameworks */,
			);
			buildRules = (
			);
			dependencies = (
				612D0EEF305707AF00B487A9 /* PBXTargetDependency */,
				612D0F14305707C700B487A9 /* PBXTargetDependency */,
				612D0F3C305707D800B487A9 /* PBXTargetDependency */,
			);
			fileSystemSynchronizedGroups = (
				612D0E673057071500B487A9 /* AirDC */,
			);
			name = AirDC;
			packageProductDependencies = (
				612D0F5430570A2600B487A9 /* SplitView */,
			);
			productName = AirDC;
			productReference = 612D0E653057071500B487A9 /* AirDC.app */;
			productType = "com.apple.product-type.application";
		};
		612D0E713057071700B487A9 /* AirDCTests */ = {
			isa = PBXNativeTarget;
			buildConfigurationList = 612D0E873057071700B487A9 /* Build configuration list for PBXNativeTarget "AirDCTests" */;
			buildPhases = (
				612D0E6E3057071700B487A9 /* Sources */,
				612D0E6F3057071700B487A9 /* Frameworks */,
				612D0E703057071700B487A9 /* Resources */,
			);
			buildRules = (
			);
			dependencies = (
				612D0E743057071700B487A9 /* PBXTargetDependency */,
			);
			fileSystemSynchronizedGroups = (
				612D0E753057071700B487A9 /* AirDCTests */,
			);
			name = AirDCTests;
			packageProductDependencies = (
				612D0FBE30570C1000B487A9 /* SwiftMockConfiguration */,
			);
			productName = AirDCTests;
			productReference = 612D0E723057071700B487A9 /* AirDCTests.xctest */;
			productType = "com.apple.product-type.bundle.unit-test";
		};
		612D0E7B3057071700B487A9 /* AirDCUITests */ = {
			isa = PBXNativeTarget;
			buildConfigurationList = 612D0E8A3057071700B487A9 /* Build configuration list for PBXNativeTarget "AirDCUITests" */;
			buildPhases = (
				612D0E783057071700B487A9 /* Sources */,
				612D0E793057071700B487A9 /* Frameworks */,
				612D0E7A3057071700B487A9 /* Resources */,
			);
			buildRules = (
			);
			dependencies = (
				612D0E7E3057071700B487A9 /* PBXTargetDependency */,
			);
			fileSystemSynchronizedGroups = (
				612D0E7F3057071700B487A9 /* AirDCUITests */,
			);
			name = AirDCUITests;
			productName = AirDCUITests;
			productReference = 612D0E7C3057071700B487A9 /* AirDCUITests.xctest */;
			productType = "com.apple.product-type.bundle.ui-testing";
		};
		612D0EDA305707AF00B487A9 /* UtilityKit */ = {
			isa = PBXNativeTarget;
			buildConfigurationList = 612D0EF7305707AF00B487A9 /* Build configuration list for PBXNativeTarget "UtilityKit" */;
			buildPhases = (
				612D0ED6305707AF00B487A9 /* Headers */,
				612D0ED7305707AF00B487A9 /* Sources */,
				612D0ED8305707AF00B487A9 /* Frameworks */,
				612D0ED9305707AF00B487A9 /* Resources */,
			);
			buildRules = (
			);
			fileSystemSynchronizedGroups = (
				612D0EDC305707AF00B487A9 /* UtilityKit */,
			);
			name = UtilityKit;
			productName = UtilityKit;
			productReference = 612D0EDB305707AF00B487A9 /* UtilityKit.framework */;
			productType = "com.apple.product-type.framework";
		};
		612D0EE4305707AF00B487A9 /* UtilityKitTests */ = {
			isa = PBXNativeTarget;
			buildConfigurationList = 612D0EF8305707AF00B487A9 /* Build configuration list for PBXNativeTarget "UtilityKitTests" */;
			buildPhases = (
				612D0EE1305707AF00B487A9 /* Sources */,
				612D0EE2305707AF00B487A9 /* Frameworks */,
				612D0EE3305707AF00B487A9 /* Resources */,
			);
			buildRules = (
			);
			dependencies = (
				612D0EE8305707AF00B487A9 /* PBXTargetDependency */,
				612D0EEA305707AF00B487A9 /* PBXTargetDependency */,
			);
			fileSystemSynchronizedGroups = (
				612D0EEB305707AF00B487A9 /* UtilityKitTests */,
			);
			name = UtilityKitTests;
			productName = UtilityKitTests;
			productReference = 612D0EE5305707AF00B487A9 /* UtilityKitTests.xctest */;
			productType = "com.apple.product-type.bundle.unit-test";
		};
		612D0EFF305707C700B487A9 /* WebSocketKit */ = {
			isa = PBXNativeTarget;
			buildConfigurationList = 612D0F17305707C700B487A9 /* Build configuration list for PBXNativeTarget "WebSocketKit" */;
			buildPhases = (
				612D0EFB305707C700B487A9 /* Headers */,
				612D0EFC305707C700B487A9 /* Sources */,
				612D0EFD305707C700B487A9 /* Frameworks */,
				612D0EFE305707C700B487A9 /* Resources */,
			);
			buildRules = (
			);
			fileSystemSynchronizedGroups = (
				612D0F01305707C700B487A9 /* WebSocketKit */,
			);
			name = WebSocketKit;
			productName = WebSocketKit;
			productReference = 612D0F00305707C700B487A9 /* WebSocketKit.framework */;
			productType = "com.apple.product-type.framework";
		};
		612D0F09305707C700B487A9 /* WebSocketKitTests */ = {
			isa = PBXNativeTarget;
			buildConfigurationList = 612D0F1A305707C700B487A9 /* Build configuration list for PBXNativeTarget "WebSocketKitTests" */;
			buildPhases = (
				612D0F06305707C700B487A9 /* Sources */,
				612D0F07305707C700B487A9 /* Frameworks */,
				612D0F08305707C700B487A9 /* Resources */,
			);
			buildRules = (
			);
			dependencies = (
				612D0F0D305707C700B487A9 /* PBXTargetDependency */,
				612D0F0F305707C700B487A9 /* PBXTargetDependency */,
				612D0FD43058590F00B487A9 /* PBXTargetDependency */,
			);
			fileSystemSynchronizedGroups = (
				612D0F10305707C700B487A9 /* WebSocketKitTests */,
			);
			name = WebSocketKitTests;
			packageProductDependencies = (
				612D0FC130570C3400B487A9 /* SwiftMockConfiguration */,
			);
			productName = WebSocketKitTests;
			productReference = 612D0F0A305707C700B487A9 /* WebSocketKitTests.xctest */;
			productType = "com.apple.product-type.bundle.unit-test";
		};
		612D0F27305707D800B487A9 /* AirDCKit */ = {
			isa = PBXNativeTarget;
			buildConfigurationList = 612D0F3F305707D800B487A9 /* Build configuration list for PBXNativeTarget "AirDCKit" */;
			buildPhases = (
				612D0F23305707D800B487A9 /* Headers */,
				612D0F24305707D800B487A9 /* Sources */,
				612D0F25305707D800B487A9 /* Frameworks */,
				612D0F26305707D800B487A9 /* Resources */,
			);
			buildRules = (
			);
			fileSystemSynchronizedGroups = (
				612D0F29305707D800B487A9 /* AirDCKit */,
			);
			name = AirDCKit;
			productName = AirDCKit;
			productReference = 612D0F28305707D800B487A9 /* AirDCKit.framework */;
			productType = "com.apple.product-type.framework";
		};
		612D0F31305707D800B487A9 /* AirDCKitTests */ = {
			isa = PBXNativeTarget;
			buildConfigurationList = 612D0F42305707D800B487A9 /* Build configuration list for PBXNativeTarget "AirDCKitTests" */;
			buildPhases = (
				612D0F2E305707D800B487A9 /* Sources */,
				612D0F2F305707D800B487A9 /* Frameworks */,
				612D0F30305707D800B487A9 /* Resources */,
			);
			buildRules = (
			);
			dependencies = (
				612D0F35305707D800B487A9 /* PBXTargetDependency */,
				612D0F37305707D800B487A9 /* PBXTargetDependency */,
				612D0FD63058591300B487A9 /* PBXTargetDependency */,
			);
			fileSystemSynchronizedGroups = (
				612D0F38305707D800B487A9 /* AirDCKitTests */,
			);
			name = AirDCKitTests;
			productName = AirDCKitTests;
			productReference = 612D0F32305707D800B487A9 /* AirDCKitTests.xctest */;
			productType = "com.apple.product-type.bundle.unit-test";
		};
		612D0FC630584B9700B487A9 /* TestHost */ = {
			isa = PBXNativeTarget;
			buildConfigurationList = 612D0FCF30584B9900B487A9 /* Build configuration list for PBXNativeTarget "TestHost" */;
			buildPhases = (
				612D0FC330584B9700B487A9 /* Sources */,
				612D0FC430584B9700B487A9 /* Frameworks */,
				612D0FC530584B9700B487A9 /* Resources */,
			);
			buildRules = (
			);
			fileSystemSynchronizedGroups = (
				612D0FC830584B9700B487A9 /* TestHost */,
			);
			name = TestHost;
			productName = TestHost;
			productReference = 612D0FC730584B9700B487A9 /* TestHost.app */;
			productType = "com.apple.product-type.application";
		};
/* End PBXNativeTarget section */

/* Begin PBXProject section */
		612D0E5D3057071500B487A9 /* Project object */ = {
			isa = PBXProject;
			attributes = {
				BuildIndependentTargetsInParallel = 1;
				LastSwiftUpdateCheck = 2700;
				LastUpgradeCheck = 2700;
				TargetAttributes = {
					612D0E643057071500B487A9 = {
						CreatedOnToolsVersion = 27.0;
					};
					612D0E713057071700B487A9 = {
						CreatedOnToolsVersion = 27.0;
						TestTargetID = 612D0E643057071500B487A9;
					};
					612D0E7B3057071700B487A9 = {
						CreatedOnToolsVersion = 27.0;
						TestTargetID = 612D0E643057071500B487A9;
					};
					612D0EDA305707AF00B487A9 = {
						CreatedOnToolsVersion = 27.0;
					};
					612D0EE4305707AF00B487A9 = {
						CreatedOnToolsVersion = 27.0;
						TestTargetID = 612D0E643057071500B487A9;
					};
					612D0EFF305707C700B487A9 = {
						CreatedOnToolsVersion = 27.0;
					};
					612D0F09305707C700B487A9 = {
						CreatedOnToolsVersion = 27.0;
						TestTargetID = 612D0FC630584B9700B487A9;
					};
					612D0F27305707D800B487A9 = {
						CreatedOnToolsVersion = 27.0;
					};
					612D0F31305707D800B487A9 = {
						CreatedOnToolsVersion = 27.0;
						TestTargetID = 612D0FC630584B9700B487A9;
					};
					612D0FC630584B9700B487A9 = {
						CreatedOnToolsVersion = 27.0;
					};
				};
			};
			buildConfigurationList = 612D0E603057071500B487A9 /* Build configuration list for PBXProject "AirDC" */;
			developmentRegion = en;
			hasScannedForEncodings = 0;
			knownRegions = (
				en,
				Base,
			);
			mainGroup = 612D0E5C3057071500B487A9;
			minimizedProjectReferenceProxies = 1;
			packageReferences = (
				612D0F5330570A2600B487A9 /* XCRemoteSwiftPackageReference "SplitView" */,
				612D0FBD30570C1000B487A9 /* XCRemoteSwiftPackageReference "swift-mock" */,
			);
			preferredProjectObjectVersion = 77;
			productRefGroup = 612D0E663057071500B487A9 /* Products */;
			projectDirPath = "";
			projectRoot = "";
			targets = (
				612D0E643057071500B487A9 /* AirDC */,
				612D0E713057071700B487A9 /* AirDCTests */,
				612D0E7B3057071700B487A9 /* AirDCUITests */,
				612D0EDA305707AF00B487A9 /* UtilityKit */,
				612D0EE4305707AF00B487A9 /* UtilityKitTests */,
				612D0EFF305707C700B487A9 /* WebSocketKit */,
				612D0F09305707C700B487A9 /* WebSocketKitTests */,
				612D0F27305707D800B487A9 /* AirDCKit */,
				612D0F31305707D800B487A9 /* AirDCKitTests */,
				612D0FC630584B9700B487A9 /* TestHost */,
			);
		};
/* End PBXProject section */

/* Begin PBXResourcesBuildPhase section */
		612D0E633057071500B487A9 /* Resources */ = {
			isa = PBXResourcesBuildPhase;
			files = (
			);
		};
		612D0E703057071700B487A9 /* Resources */ = {
			isa = PBXResourcesBuildPhase;
			files = (
			);
		};
		612D0E7A3057071700B487A9 /* Resources */ = {
			isa = PBXResourcesBuildPhase;
			files = (
			);
		};
		612D0ED9305707AF00B487A9 /* Resources */ = {
			isa = PBXResourcesBuildPhase;
			files = (
			);
		};
		612D0EE3305707AF00B487A9 /* Resources */ = {
			isa = PBXResourcesBuildPhase;
			files = (
			);
		};
		612D0EFE305707C700B487A9 /* Resources */ = {
			isa = PBXResourcesBuildPhase;
			files = (
			);
		};
		612D0F08305707C700B487A9 /* Resources */ = {
			isa = PBXResourcesBuildPhase;
			files = (
			);
		};
		612D0F26305707D800B487A9 /* Resources */ = {
			isa = PBXResourcesBuildPhase;
			files = (
			);
		};
		612D0F30305707D800B487A9 /* Resources */ = {
			isa = PBXResourcesBuildPhase;
			files = (
			);
		};
		612D0FC530584B9700B487A9 /* Resources */ = {
			isa = PBXResourcesBuildPhase;
			files = (
			);
		};
/* End PBXResourcesBuildPhase section */

/* Begin PBXSourcesBuildPhase section */
		612D0E613057071500B487A9 /* Sources */ = {
			isa = PBXSourcesBuildPhase;
			files = (
			);
		};
		612D0E6E3057071700B487A9 /* Sources */ = {
			isa = PBXSourcesBuildPhase;
			files = (
			);
		};
		612D0E783057071700B487A9 /* Sources */ = {
			isa = PBXSourcesBuildPhase;
			files = (
			);
		};
		612D0ED7305707AF00B487A9 /* Sources */ = {
			isa = PBXSourcesBuildPhase;
			files = (
			);
		};
		612D0EE1305707AF00B487A9 /* Sources */ = {
			isa = PBXSourcesBuildPhase;
			files = (
			);
		};
		612D0EFC305707C700B487A9 /* Sources */ = {
			isa = PBXSourcesBuildPhase;
			files = (
			);
		};
		612D0F06305707C700B487A9 /* Sources */ = {
			isa = PBXSourcesBuildPhase;
			files = (
			);
		};
		612D0F24305707D800B487A9 /* Sources */ = {
			isa = PBXSourcesBuildPhase;
			files = (
			);
		};
		612D0F2E305707D800B487A9 /* Sources */ = {
			isa = PBXSourcesBuildPhase;
			files = (
			);
		};
		612D0FC330584B9700B487A9 /* Sources */ = {
			isa = PBXSourcesBuildPhase;
			files = (
			);
		};
/* End PBXSourcesBuildPhase section */

/* Begin PBXTargetDependency section */
		612D0E743057071700B487A9 /* PBXTargetDependency */ = {
			isa = PBXTargetDependency;
			target = 612D0E643057071500B487A9 /* AirDC */;
			targetProxy = 612D0E733057071700B487A9 /* PBXContainerItemProxy */;
		};
		612D0E7E3057071700B487A9 /* PBXTargetDependency */ = {
			isa = PBXTargetDependency;
			target = 612D0E643057071500B487A9 /* AirDC */;
			targetProxy = 612D0E7D3057071700B487A9 /* PBXContainerItemProxy */;
		};
		612D0EE8305707AF00B487A9 /* PBXTargetDependency */ = {
			isa = PBXTargetDependency;
			target = 612D0EDA305707AF00B487A9 /* UtilityKit */;
			targetProxy = 612D0EE7305707AF00B487A9 /* PBXContainerItemProxy */;
		};
		612D0EEA305707AF00B487A9 /* PBXTargetDependency */ = {
			isa = PBXTargetDependency;
			target = 612D0E643057071500B487A9 /* AirDC */;
			targetProxy = 612D0EE9305707AF00B487A9 /* PBXContainerItemProxy */;
		};
		612D0EEF305707AF00B487A9 /* PBXTargetDependency */ = {
			isa = PBXTargetDependency;
			target = 612D0EDA305707AF00B487A9 /* UtilityKit */;
			targetProxy = 612D0EEE305707AF00B487A9 /* PBXContainerItemProxy */;
		};
		612D0F0D305707C700B487A9 /* PBXTargetDependency */ = {
			isa = PBXTargetDependency;
			target = 612D0EFF305707C700B487A9 /* WebSocketKit */;
			targetProxy = 612D0F0C305707C700B487A9 /* PBXContainerItemProxy */;
		};
		612D0F0F305707C700B487A9 /* PBXTargetDependency */ = {
			isa = PBXTargetDependency;
			target = 612D0E643057071500B487A9 /* AirDC */;
			targetProxy = 612D0F0E305707C700B487A9 /* PBXContainerItemProxy */;
		};
		612D0F14305707C700B487A9 /* PBXTargetDependency */ = {
			isa = PBXTargetDependency;
			target = 612D0EFF305707C700B487A9 /* WebSocketKit */;
			targetProxy = 612D0F13305707C700B487A9 /* PBXContainerItemProxy */;
		};
		612D0F35305707D800B487A9 /* PBXTargetDependency */ = {
			isa = PBXTargetDependency;
			target = 612D0F27305707D800B487A9 /* AirDCKit */;
			targetProxy = 612D0F34305707D800B487A9 /* PBXContainerItemProxy */;
		};
		612D0F37305707D800B487A9 /* PBXTargetDependency */ = {
			isa = PBXTargetDependency;
			target = 612D0E643057071500B487A9 /* AirDC */;
			targetProxy = 612D0F36305707D800B487A9 /* PBXContainerItemProxy */;
		};
		612D0F3C305707D800B487A9 /* PBXTargetDependency */ = {
			isa = PBXTargetDependency;
			target = 612D0F27305707D800B487A9 /* AirDCKit */;
			targetProxy = 612D0F3B305707D800B487A9 /* PBXContainerItemProxy */;
		};
		612D0FD43058590F00B487A9 /* PBXTargetDependency */ = {
			isa = PBXTargetDependency;
			target = 612D0FC630584B9700B487A9 /* TestHost */;
			targetProxy = 612D0FD33058590F00B487A9 /* PBXContainerItemProxy */;
		};
		612D0FD63058591300B487A9 /* PBXTargetDependency */ = {
			isa = PBXTargetDependency;
			target = 612D0FC630584B9700B487A9 /* TestHost */;
			targetProxy = 612D0FD53058591300B487A9 /* PBXContainerItemProxy */;
		};
/* End PBXTargetDependency section */

/* Begin XCBuildConfiguration section */
		612D0E823057071700B487A9 /* Debug configuration for PBXProject "AirDC" */ = {
			isa = XCBuildConfiguration;
			buildSettings = {
				ALWAYS_SEARCH_USER_PATHS = NO;
				ASSETCATALOG_COMPILER_GENERATE_SWIFT_ASSET_SYMBOL_EXTENSIONS = YES;
				CLANG_ANALYZER_NONNULL = YES;
				CLANG_ANALYZER_NUMBER_OBJECT_CONVERSION = YES_AGGRESSIVE;
				CLANG_CXX_LANGUAGE_STANDARD = "gnu++20";
				CLANG_ENABLE_MODULES = YES;
				CLANG_ENABLE_OBJC_ARC = YES;
				CLANG_ENABLE_OBJC_WEAK = YES;
				CLANG_WARN_BLOCK_CAPTURE_AUTORELEASING = YES;
				CLANG_WARN_BOOL_CONVERSION = YES;
				CLANG_WARN_COMMA = YES;
				CLANG_WARN_CONSTANT_CONVERSION = YES;
				CLANG_WARN_DEPRECATED_OBJC_IMPLEMENTATIONS = YES;
				CLANG_WARN_DIRECT_OBJC_ISA_USAGE = YES_ERROR;
				CLANG_WARN_DOCUMENTATION_COMMENTS = YES;
				CLANG_WARN_EMPTY_BODY = YES;
				CLANG_WARN_ENUM_CONVERSION = YES;
				CLANG_WARN_INFINITE_RECURSION = YES;
				CLANG_WARN_INT_CONVERSION = YES;
				CLANG_WARN_NON_LITERAL_NULL_CONVERSION = YES;
				CLANG_WARN_OBJC_IMPLICIT_RETAIN_SELF = YES;
				CLANG_WARN_OBJC_LITERAL_CONVERSION = YES;
				CLANG_WARN_OBJC_ROOT_CLASS = YES_ERROR;
				CLANG_WARN_QUOTED_INCLUDE_IN_FRAMEWORK_HEADER = YES;
				CLANG_WARN_RANGE_LOOP_ANALYSIS = YES;
				CLANG_WARN_STRICT_PROTOTYPES = YES;
				CLANG_WARN_SUSPICIOUS_MOVE = YES;
				CLANG_WARN_UNGUARDED_AVAILABILITY = YES_AGGRESSIVE;
				CLANG_WARN_UNREACHABLE_CODE = YES;
				CLANG_WARN__DUPLICATE_METHOD_MATCH = YES;
				COPY_PHASE_STRIP = NO;
				DEBUG_INFORMATION_FORMAT = dwarf;
				DEVELOPMENT_TEAM = DGM3Z2TJ7K;
				ENABLE_STRICT_OBJC_MSGSEND = YES;
				ENABLE_TESTABILITY = YES;
				ENABLE_USER_SCRIPT_SANDBOXING = YES;
				GCC_C_LANGUAGE_STANDARD = gnu17;
				GCC_DYNAMIC_NO_PIC = NO;
				GCC_NO_COMMON_BLOCKS = YES;
				GCC_OPTIMIZATION_LEVEL = 0;
				GCC_PREPROCESSOR_DEFINITIONS = (
					"DEBUG=1",
					"$(inherited)",
				);
				GCC_WARN_64_TO_32_BIT_CONVERSION = YES;
				GCC_WARN_ABOUT_RETURN_TYPE = YES_ERROR;
				GCC_WARN_UNDECLARED_SELECTOR = YES;
				GCC_WARN_UNINITIALIZED_AUTOS = YES_AGGRESSIVE;
				GCC_WARN_UNUSED_FUNCTION = YES;
				GCC_WARN_UNUSED_VARIABLE = YES;
				LOCALIZATION_PREFERS_STRING_CATALOGS = YES;
				MTL_ENABLE_DEBUG_INFO = INCLUDE_SOURCE;
				MTL_FAST_MATH = YES;
				ONLY_ACTIVE_ARCH = YES;
				SWIFT_ACTIVE_COMPILATION_CONDITIONS = "DEBUG $(inherited)";
				SWIFT_OPTIMIZATION_LEVEL = "-Onone";
			};
			name = Debug;
		};
		612D0E833057071700B487A9 /* Release configuration for PBXProject "AirDC" */ = {
			isa = XCBuildConfiguration;
			buildSettings = {
				ALWAYS_SEARCH_USER_PATHS = NO;
				ASSETCATALOG_COMPILER_GENERATE_SWIFT_ASSET_SYMBOL_EXTENSIONS = YES;
				CLANG_ANALYZER_NONNULL = YES;
				CLANG_ANALYZER_NUMBER_OBJECT_CONVERSION = YES_AGGRESSIVE;
				CLANG_CXX_LANGUAGE_STANDARD = "gnu++20";
				CLANG_ENABLE_MODULES = YES;
				CLANG_ENABLE_OBJC_ARC = YES;
				CLANG_ENABLE_OBJC_WEAK = YES;
				CLANG_WARN_BLOCK_CAPTURE_AUTORELEASING = YES;
				CLANG_WARN_BOOL_CONVERSION = YES;
				CLANG_WARN_COMMA = YES;
				CLANG_WARN_CONSTANT_CONVERSION = YES;
				CLANG_WARN_DEPRECATED_OBJC_IMPLEMENTATIONS = YES;
				CLANG_WARN_DIRECT_OBJC_ISA_USAGE = YES_ERROR;
				CLANG_WARN_DOCUMENTATION_COMMENTS = YES;
				CLANG_WARN_EMPTY_BODY = YES;
				CLANG_WARN_ENUM_CONVERSION = YES;
				CLANG_WARN_INFINITE_RECURSION = YES;
				CLANG_WARN_INT_CONVERSION = YES;
				CLANG_WARN_NON_LITERAL_NULL_CONVERSION = YES;
				CLANG_WARN_OBJC_IMPLICIT_RETAIN_SELF = YES;
				CLANG_WARN_OBJC_LITERAL_CONVERSION = YES;
				CLANG_WARN_OBJC_ROOT_CLASS = YES_ERROR;
				CLANG_WARN_QUOTED_INCLUDE_IN_FRAMEWORK_HEADER = YES;
				CLANG_WARN_RANGE_LOOP_ANALYSIS = YES;
				CLANG_WARN_STRICT_PROTOTYPES = YES;
				CLANG_WARN_SUSPICIOUS_MOVE = YES;
				CLANG_WARN_UNGUARDED_AVAILABILITY = YES_AGGRESSIVE;
				CLANG_WARN_UNREACHABLE_CODE = YES;
				CLANG_WARN__DUPLICATE_METHOD_MATCH = YES;
				COPY_PHASE_STRIP = NO;
				DEBUG_INFORMATION_FORMAT = "dwarf-with-dsym";
				DEVELOPMENT_TEAM = DGM3Z2TJ7K;
				ENABLE_NS_ASSERTIONS = NO;
				ENABLE_STRICT_OBJC_MSGSEND = YES;
				ENABLE_USER_SCRIPT_SANDBOXING = YES;
				GCC_C_LANGUAGE_STANDARD = gnu17;
				GCC_NO_COMMON_BLOCKS = YES;
				GCC_WARN_64_TO_32_BIT_CONVERSION = YES;
				GCC_WARN_ABOUT_RETURN_TYPE = YES_ERROR;
				GCC_WARN_UNDECLARED_SELECTOR = YES;
				GCC_WARN_UNINITIALIZED_AUTOS = YES_AGGRESSIVE;
				GCC_WARN_UNUSED_FUNCTION = YES;
				GCC_WARN_UNUSED_VARIABLE = YES;
				LOCALIZATION_PREFERS_STRING_CATALOGS = YES;
				MTL_ENABLE_DEBUG_INFO = NO;
				MTL_FAST_MATH = YES;
				SWIFT_COMPILATION_MODE = wholemodule;
			};
			name = Release;
		};
		612D0E853057071700B487A9 /* Debug configuration for PBXNativeTarget "AirDC" */ = {
			isa = XCBuildConfiguration;
			buildSettings = {
				ASSETCATALOG_COMPILER_APPICON_NAME = AppIcon;
				ASSETCATALOG_COMPILER_GLOBAL_ACCENT_COLOR_NAME = AccentColor;
				CODE_SIGN_IDENTITY = "Apple Development";
				"CODE_SIGN_IDENTITY[sdk=macosx*]" = "-";
				CODE_SIGN_STYLE = Manual;
				CURRENT_PROJECT_VERSION = 1;
				DEVELOPMENT_TEAM = "";
				"DEVELOPMENT_TEAM[sdk=macosx*]" = "";
				ENABLE_APP_SANDBOX = YES;
				ENABLE_HARDENED_RUNTIME = YES;
				ENABLE_PREVIEWS = YES;
				ENABLE_USER_SELECTED_FILES = readonly;
				GENERATE_INFOPLIST_FILE = YES;
				"INFOPLIST_KEY_UIApplicationSceneManifest_Generation[sdk=iphoneos*]" = YES;
				"INFOPLIST_KEY_UIApplicationSceneManifest_Generation[sdk=iphonesimulator*]" = YES;
				"INFOPLIST_KEY_UIApplicationSupportsIndirectInputEvents[sdk=iphoneos*]" = YES;
				"INFOPLIST_KEY_UIApplicationSupportsIndirectInputEvents[sdk=iphonesimulator*]" = YES;
				"INFOPLIST_KEY_UILaunchScreen_Generation[sdk=iphoneos*]" = YES;
				"INFOPLIST_KEY_UILaunchScreen_Generation[sdk=iphonesimulator*]" = YES;
				"INFOPLIST_KEY_UIStatusBarStyle[sdk=iphoneos*]" = UIStatusBarStyleDefault;
				"INFOPLIST_KEY_UIStatusBarStyle[sdk=iphonesimulator*]" = UIStatusBarStyleDefault;
				INFOPLIST_KEY_UISupportedInterfaceOrientations_iPad = "UIInterfaceOrientationPortrait UIInterfaceOrientationPortraitUpsideDown UIInterfaceOrientationLandscapeLeft UIInterfaceOrientationLandscapeRight";
				INFOPLIST_KEY_UISupportedInterfaceOrientations_iPhone = "UIInterfaceOrientationPortrait UIInterfaceOrientationLandscapeLeft UIInterfaceOrientationLandscapeRight";
				IPHONEOS_DEPLOYMENT_TARGET = 27.0;
				LD_RUNPATH_SEARCH_PATHS = "@executable_path/Frameworks";
				"LD_RUNPATH_SEARCH_PATHS[sdk=macosx*]" = "@executable_path/../Frameworks";
				MACOSX_DEPLOYMENT_TARGET = 27.0;
				MARKETING_VERSION = 1.0;
				PRODUCT_BUNDLE_IDENTIFIER = com.github.doobnet.AirDC.AirDC;
				PRODUCT_NAME = "$(TARGET_NAME)";
				PROVISIONING_PROFILE_SPECIFIER = "";
				"PROVISIONING_PROFILE_SPECIFIER[sdk=macosx*]" = "";
				REGISTER_APP_GROUPS = YES;
				SDKROOT = auto;
				STRING_CATALOG_GENERATE_SYMBOLS = YES;
				SUPPORTED_PLATFORMS = "iphoneos iphonesimulator macosx xros xrsimulator";
				SWIFT_APPROACHABLE_CONCURRENCY = YES;
				SWIFT_DEFAULT_ACTOR_ISOLATION = MainActor;
				SWIFT_EMIT_LOC_STRINGS = YES;
				SWIFT_UPCOMING_FEATURE_MEMBER_IMPORT_VISIBILITY = YES;
				SWIFT_VERSION = 5.0;
				TARGETED_DEVICE_FAMILY = "1,2,7";
				XROS_DEPLOYMENT_TARGET = 27.0;
			};
			name = Debug;
		};
		612D0E863057071700B487A9 /* Release configuration for PBXNativeTarget "AirDC" */ = {
			isa = XCBuildConfiguration;
			buildSettings = {
				ASSETCATALOG_COMPILER_APPICON_NAME = AppIcon;
				ASSETCATALOG_COMPILER_GLOBAL_ACCENT_COLOR_NAME = AccentColor;
				CODE_SIGN_IDENTITY = "Apple Development";
				"CODE_SIGN_IDENTITY[sdk=macosx*]" = "-";
				CODE_SIGN_STYLE = Manual;
				CURRENT_PROJECT_VERSION = 1;
				DEVELOPMENT_TEAM = "";
				"DEVELOPMENT_TEAM[sdk=macosx*]" = "";
				ENABLE_APP_SANDBOX = YES;
				ENABLE_HARDENED_RUNTIME = YES;
				ENABLE_PREVIEWS = YES;
				ENABLE_USER_SELECTED_FILES = readonly;
				GENERATE_INFOPLIST_FILE = YES;
				"INFOPLIST_KEY_UIApplicationSceneManifest_Generation[sdk=iphoneos*]" = YES;
				"INFOPLIST_KEY_UIApplicationSceneManifest_Generation[sdk=iphonesimulator*]" = YES;
				"INFOPLIST_KEY_UIApplicationSupportsIndirectInputEvents[sdk=iphoneos*]" = YES;
				"INFOPLIST_KEY_UIApplicationSupportsIndirectInputEvents[sdk=iphonesimulator*]" = YES;
				"INFOPLIST_KEY_UILaunchScreen_Generation[sdk=iphoneos*]" = YES;
				"INFOPLIST_KEY_UILaunchScreen_Generation[sdk=iphonesimulator*]" = YES;
				"INFOPLIST_KEY_UIStatusBarStyle[sdk=iphoneos*]" = UIStatusBarStyleDefault;
				"INFOPLIST_KEY_UIStatusBarStyle[sdk=iphonesimulator*]" = UIStatusBarStyleDefault;
				INFOPLIST_KEY_UISupportedInterfaceOrientations_iPad = "UIInterfaceOrientationPortrait UIInterfaceOrientationPortraitUpsideDown UIInterfaceOrientationLandscapeLeft UIInterfaceOrientationLandscapeRight";
				INFOPLIST_KEY_UISupportedInterfaceOrientations_iPhone = "UIInterfaceOrientationPortrait UIInterfaceOrientationLandscapeLeft UIInterfaceOrientationLandscapeRight";
				IPHONEOS_DEPLOYMENT_TARGET = 27.0;
				LD_RUNPATH_SEARCH_PATHS = "@executable_path/Frameworks";
				"LD_RUNPATH_SEARCH_PATHS[sdk=macosx*]" = "@executable_path/../Frameworks";
				MACOSX_DEPLOYMENT_TARGET = 27.0;
				MARKETING_VERSION = 1.0;
				PRODUCT_BUNDLE_IDENTIFIER = com.github.doobnet.AirDC.AirDC;
				PRODUCT_NAME = "$(TARGET_NAME)";
				PROVISIONING_PROFILE_SPECIFIER = "";
				"PROVISIONING_PROFILE_SPECIFIER[sdk=macosx*]" = "";
				REGISTER_APP_GROUPS = YES;
				SDKROOT = auto;
				STRING_CATALOG_GENERATE_SYMBOLS = YES;
				SUPPORTED_PLATFORMS = "iphoneos iphonesimulator macosx xros xrsimulator";
				SWIFT_APPROACHABLE_CONCURRENCY = YES;
				SWIFT_DEFAULT_ACTOR_ISOLATION = MainActor;
				SWIFT_EMIT_LOC_STRINGS = YES;
				SWIFT_UPCOMING_FEATURE_MEMBER_IMPORT_VISIBILITY = YES;
				SWIFT_VERSION = 5.0;
				TARGETED_DEVICE_FAMILY = "1,2,7";
				XROS_DEPLOYMENT_TARGET = 27.0;
			};
			name = Release;
		};
		612D0E883057071700B487A9 /* Debug configuration for PBXNativeTarget "AirDCTests" */ = {
			isa = XCBuildConfiguration;
			buildSettings = {
				BUNDLE_LOADER = "$(TEST_HOST)";
				CODE_SIGN_STYLE = Automatic;
				CURRENT_PROJECT_VERSION = 1;
				DEVELOPMENT_TEAM = DGM3Z2TJ7K;
				GENERATE_INFOPLIST_FILE = YES;
				IPHONEOS_DEPLOYMENT_TARGET = 27.0;
				MACOSX_DEPLOYMENT_TARGET = 27.0;
				MARKETING_VERSION = 1.0;
				PRODUCT_BUNDLE_IDENTIFIER = com.github.doobnet.AirDC.AirDCTests;
				PRODUCT_NAME = "$(TARGET_NAME)";
				SDKROOT = auto;
				STRING_CATALOG_GENERATE_SYMBOLS = NO;
				SUPPORTED_PLATFORMS = "iphoneos iphonesimulator macosx xros xrsimulator";
				SWIFT_APPROACHABLE_CONCURRENCY = YES;
				SWIFT_EMIT_LOC_STRINGS = NO;
				SWIFT_UPCOMING_FEATURE_MEMBER_IMPORT_VISIBILITY = YES;
				SWIFT_VERSION = 5.0;
				TARGETED_DEVICE_FAMILY = "1,2,7";
				TEST_HOST = "$(BUILT_PRODUCTS_DIR)/AirDC.app/$(BUNDLE_EXECUTABLE_FOLDER_PATH)/AirDC";
				XROS_DEPLOYMENT_TARGET = 27.0;
			};
			name = Debug;
		};
		612D0E893057071700B487A9 /* Release configuration for PBXNativeTarget "AirDCTests" */ = {
			isa = XCBuildConfiguration;
			buildSettings = {
				BUNDLE_LOADER = "$(TEST_HOST)";
				CODE_SIGN_STYLE = Automatic;
				CURRENT_PROJECT_VERSION = 1;
				DEVELOPMENT_TEAM = DGM3Z2TJ7K;
				GENERATE_INFOPLIST_FILE = YES;
				IPHONEOS_DEPLOYMENT_TARGET = 27.0;
				MACOSX_DEPLOYMENT_TARGET = 27.0;
				MARKETING_VERSION = 1.0;
				PRODUCT_BUNDLE_IDENTIFIER = com.github.doobnet.AirDC.AirDCTests;
				PRODUCT_NAME = "$(TARGET_NAME)";
				SDKROOT = auto;
				STRING_CATALOG_GENERATE_SYMBOLS = NO;
				SUPPORTED_PLATFORMS = "iphoneos iphonesimulator macosx xros xrsimulator";
				SWIFT_APPROACHABLE_CONCURRENCY = YES;
				SWIFT_EMIT_LOC_STRINGS = NO;
				SWIFT_UPCOMING_FEATURE_MEMBER_IMPORT_VISIBILITY = YES;
				SWIFT_VERSION = 5.0;
				TARGETED_DEVICE_FAMILY = "1,2,7";
				TEST_HOST = "$(BUILT_PRODUCTS_DIR)/AirDC.app/$(BUNDLE_EXECUTABLE_FOLDER_PATH)/AirDC";
				XROS_DEPLOYMENT_TARGET = 27.0;
			};
			name = Release;
		};
		612D0E8B3057071700B487A9 /* Debug configuration for PBXNativeTarget "AirDCUITests" */ = {
			isa = XCBuildConfiguration;
			buildSettings = {
				CODE_SIGN_STYLE = Automatic;
				CURRENT_PROJECT_VERSION = 1;
				DEVELOPMENT_TEAM = DGM3Z2TJ7K;
				GENERATE_INFOPLIST_FILE = YES;
				IPHONEOS_DEPLOYMENT_TARGET = 27.0;
				MACOSX_DEPLOYMENT_TARGET = 27.0;
				MARKETING_VERSION = 1.0;
				PRODUCT_BUNDLE_IDENTIFIER = com.github.doobnet.AirDC.AirDCUITests;
				PRODUCT_NAME = "$(TARGET_NAME)";
				SDKROOT = auto;
				STRING_CATALOG_GENERATE_SYMBOLS = NO;
				SUPPORTED_PLATFORMS = "iphoneos iphonesimulator macosx xros xrsimulator";
				SWIFT_APPROACHABLE_CONCURRENCY = YES;
				SWIFT_EMIT_LOC_STRINGS = NO;
				SWIFT_UPCOMING_FEATURE_MEMBER_IMPORT_VISIBILITY = YES;
				SWIFT_VERSION = 5.0;
				TARGETED_DEVICE_FAMILY = "1,2,7";
				TEST_TARGET_NAME = AirDC;
				XROS_DEPLOYMENT_TARGET = 27.0;
			};
			name = Debug;
		};
		612D0E8C3057071700B487A9 /* Release configuration for PBXNativeTarget "AirDCUITests" */ = {
			isa = XCBuildConfiguration;
			buildSettings = {
				CODE_SIGN_STYLE = Automatic;
				CURRENT_PROJECT_VERSION = 1;
				DEVELOPMENT_TEAM = DGM3Z2TJ7K;
				GENERATE_INFOPLIST_FILE = YES;
				IPHONEOS_DEPLOYMENT_TARGET = 27.0;
				MACOSX_DEPLOYMENT_TARGET = 27.0;
				MARKETING_VERSION = 1.0;
				PRODUCT_BUNDLE_IDENTIFIER = com.github.doobnet.AirDC.AirDCUITests;
				PRODUCT_NAME = "$(TARGET_NAME)";
				SDKROOT = auto;
				STRING_CATALOG_GENERATE_SYMBOLS = NO;
				SUPPORTED_PLATFORMS = "iphoneos iphonesimulator macosx xros xrsimulator";
				SWIFT_APPROACHABLE_CONCURRENCY = YES;
				SWIFT_EMIT_LOC_STRINGS = NO;
				SWIFT_UPCOMING_FEATURE_MEMBER_IMPORT_VISIBILITY = YES;
				SWIFT_VERSION = 5.0;
				TARGETED_DEVICE_FAMILY = "1,2,7";
				TEST_TARGET_NAME = AirDC;
				XROS_DEPLOYMENT_TARGET = 27.0;
			};
			name = Release;
		};
		612D0EF3305707AF00B487A9 /* Debug configuration for PBXNativeTarget "UtilityKit" */ = {
			isa = XCBuildConfiguration;
			buildSettings = {
				ALLOW_TARGET_PLATFORM_SPECIALIZATION = YES;
				BUILD_LIBRARY_FOR_DISTRIBUTION = YES;
				CODE_SIGN_STYLE = Manual;
				CURRENT_PROJECT_VERSION = 1;
				DEVELOPMENT_TEAM = "";
				DYLIB_COMPATIBILITY_VERSION = 1;
				DYLIB_CURRENT_VERSION = 1;
				DYLIB_INSTALL_NAME_BASE = "@rpath";
				ENABLE_MODULE_VERIFIER = YES;
				GENERATE_INFOPLIST_FILE = YES;
				INFOPLIST_KEY_NSHumanReadableCopyright = "";
				INSTALL_PATH = "$(LOCAL_LIBRARY_DIR)/Frameworks";
				IPHONEOS_DEPLOYMENT_TARGET = 27.0;
				LD_RUNPATH_SEARCH_PATHS = (
					"@executable_path/Frameworks",
					"@loader_path/Frameworks",
				);
				"LD_RUNPATH_SEARCH_PATHS[sdk=macosx*]" = (
					"@executable_path/../Frameworks",
					"@loader_path/Frameworks",
				);
				MACOSX_DEPLOYMENT_TARGET = 27.0;
				MARKETING_VERSION = 1.0;
				MODULE_VERIFIER_SUPPORTED_LANGUAGES = "objective-c objective-c++";
				MODULE_VERIFIER_SUPPORTED_LANGUAGE_STANDARDS = "gnu17 gnu++20";
				PRODUCT_BUNDLE_IDENTIFIER = com.github.doobnet.AirDC.UtilityKit;
				PRODUCT_NAME = "$(TARGET_NAME:c99extidentifier)";
				PROVISIONING_PROFILE_SPECIFIER = "";
				SDKROOT = auto;
				SKIP_INSTALL = YES;
				STRING_CATALOG_GENERATE_SYMBOLS = YES;
				SUPPORTED_PLATFORMS = "iphoneos iphonesimulator macosx xros xrsimulator";
				SWIFT_APPROACHABLE_CONCURRENCY = YES;
				SWIFT_EMIT_LOC_STRINGS = YES;
				SWIFT_INSTALL_MODULE = YES;
				SWIFT_INSTALL_OBJC_HEADER = NO;
				SWIFT_UPCOMING_FEATURE_MEMBER_IMPORT_VISIBILITY = YES;
				SWIFT_VERSION = 5.0;
				TARGETED_DEVICE_FAMILY = "1,2,7";
				VERSIONING_SYSTEM = "apple-generic";
				VERSION_INFO_PREFIX = "";
				XROS_DEPLOYMENT_TARGET = 27.0;
			};
			name = Debug;
		};
		612D0EF4305707AF00B487A9 /* Release configuration for PBXNativeTarget "UtilityKit" */ = {
			isa = XCBuildConfiguration;
			buildSettings = {
				ALLOW_TARGET_PLATFORM_SPECIALIZATION = YES;
				BUILD_LIBRARY_FOR_DISTRIBUTION = YES;
				CODE_SIGN_STYLE = Manual;
				CURRENT_PROJECT_VERSION = 1;
				DEVELOPMENT_TEAM = "";
				DYLIB_COMPATIBILITY_VERSION = 1;
				DYLIB_CURRENT_VERSION = 1;
				DYLIB_INSTALL_NAME_BASE = "@rpath";
				ENABLE_MODULE_VERIFIER = YES;
				GENERATE_INFOPLIST_FILE = YES;
				INFOPLIST_KEY_NSHumanReadableCopyright = "";
				INSTALL_PATH = "$(LOCAL_LIBRARY_DIR)/Frameworks";
				IPHONEOS_DEPLOYMENT_TARGET = 27.0;
				LD_RUNPATH_SEARCH_PATHS = (
					"@executable_path/Frameworks",
					"@loader_path/Frameworks",
				);
				"LD_RUNPATH_SEARCH_PATHS[sdk=macosx*]" = (
					"@executable_path/../Frameworks",
					"@loader_path/Frameworks",
				);
				MACOSX_DEPLOYMENT_TARGET = 27.0;
				MARKETING_VERSION = 1.0;
				MODULE_VERIFIER_SUPPORTED_LANGUAGES = "objective-c objective-c++";
				MODULE_VERIFIER_SUPPORTED_LANGUAGE_STANDARDS = "gnu17 gnu++20";
				PRODUCT_BUNDLE_IDENTIFIER = com.github.doobnet.AirDC.UtilityKit;
				PRODUCT_NAME = "$(TARGET_NAME:c99extidentifier)";
				PROVISIONING_PROFILE_SPECIFIER = "";
				SDKROOT = auto;
				SKIP_INSTALL = YES;
				STRING_CATALOG_GENERATE_SYMBOLS = YES;
				SUPPORTED_PLATFORMS = "iphoneos iphonesimulator macosx xros xrsimulator";
				SWIFT_APPROACHABLE_CONCURRENCY = YES;
				SWIFT_EMIT_LOC_STRINGS = YES;
				SWIFT_INSTALL_MODULE = YES;
				SWIFT_INSTALL_OBJC_HEADER = NO;
				SWIFT_UPCOMING_FEATURE_MEMBER_IMPORT_VISIBILITY = YES;
				SWIFT_VERSION = 5.0;
				TARGETED_DEVICE_FAMILY = "1,2,7";
				VERSIONING_SYSTEM = "apple-generic";
				VERSION_INFO_PREFIX = "";
				XROS_DEPLOYMENT_TARGET = 27.0;
			};
			name = Release;
		};
		612D0EF5305707AF00B487A9 /* Debug configuration for PBXNativeTarget "UtilityKitTests" */ = {
			isa = XCBuildConfiguration;
			buildSettings = {
				ALLOW_TARGET_PLATFORM_SPECIALIZATION = YES;
				CODE_SIGN_STYLE = Automatic;
				CURRENT_PROJECT_VERSION = 1;
				DEVELOPMENT_TEAM = DGM3Z2TJ7K;
				GENERATE_INFOPLIST_FILE = YES;
				IPHONEOS_DEPLOYMENT_TARGET = 27.0;
				MACOSX_DEPLOYMENT_TARGET = 27.0;
				MARKETING_VERSION = 1.0;
				PRODUCT_BUNDLE_IDENTIFIER = com.github.doobnet.AirDC.UtilityKitTests;
				PRODUCT_NAME = "$(TARGET_NAME)";
				SDKROOT = auto;
				STRING_CATALOG_GENERATE_SYMBOLS = NO;
				SUPPORTED_PLATFORMS = "iphoneos iphonesimulator macosx xros xrsimulator";
				SWIFT_APPROACHABLE_CONCURRENCY = YES;
				SWIFT_EMIT_LOC_STRINGS = NO;
				SWIFT_UPCOMING_FEATURE_MEMBER_IMPORT_VISIBILITY = YES;
				SWIFT_VERSION = 5.0;
				TARGETED_DEVICE_FAMILY = "1,2,7";
				TEST_HOST = "$(BUILT_PRODUCTS_DIR)/AirDC.app/$(BUNDLE_EXECUTABLE_FOLDER_PATH)/AirDC";
				XROS_DEPLOYMENT_TARGET = 27.0;
			};
			name = Debug;
		};
		612D0EF6305707AF00B487A9 /* Release configuration for PBXNativeTarget "UtilityKitTests" */ = {
			isa = XCBuildConfiguration;
			buildSettings = {
				ALLOW_TARGET_PLATFORM_SPECIALIZATION = YES;
				CODE_SIGN_STYLE = Automatic;
				CURRENT_PROJECT_VERSION = 1;
				DEVELOPMENT_TEAM = DGM3Z2TJ7K;
				GENERATE_INFOPLIST_FILE = YES;
				IPHONEOS_DEPLOYMENT_TARGET = 27.0;
				MACOSX_DEPLOYMENT_TARGET = 27.0;
				MARKETING_VERSION = 1.0;
				PRODUCT_BUNDLE_IDENTIFIER = com.github.doobnet.AirDC.UtilityKitTests;
				PRODUCT_NAME = "$(TARGET_NAME)";
				SDKROOT = auto;
				STRING_CATALOG_GENERATE_SYMBOLS = NO;
				SUPPORTED_PLATFORMS = "iphoneos iphonesimulator macosx xros xrsimulator";
				SWIFT_APPROACHABLE_CONCURRENCY = YES;
				SWIFT_EMIT_LOC_STRINGS = NO;
				SWIFT_UPCOMING_FEATURE_MEMBER_IMPORT_VISIBILITY = YES;
				SWIFT_VERSION = 5.0;
				TARGETED_DEVICE_FAMILY = "1,2,7";
				TEST_HOST = "$(BUILT_PRODUCTS_DIR)/AirDC.app/$(BUNDLE_EXECUTABLE_FOLDER_PATH)/AirDC";
				XROS_DEPLOYMENT_TARGET = 27.0;
			};
			name = Release;
		};
		612D0F18305707C700B487A9 /* Debug configuration for PBXNativeTarget "WebSocketKit" */ = {
			isa = XCBuildConfiguration;
			buildSettings = {
				ALLOW_TARGET_PLATFORM_SPECIALIZATION = YES;
				BUILD_LIBRARY_FOR_DISTRIBUTION = YES;
				CODE_SIGN_STYLE = Manual;
				CURRENT_PROJECT_VERSION = 1;
				DEVELOPMENT_TEAM = "";
				DYLIB_COMPATIBILITY_VERSION = 1;
				DYLIB_CURRENT_VERSION = 1;
				DYLIB_INSTALL_NAME_BASE = "@rpath";
				ENABLE_MODULE_VERIFIER = YES;
				GENERATE_INFOPLIST_FILE = YES;
				INFOPLIST_KEY_NSHumanReadableCopyright = "";
				INSTALL_PATH = "$(LOCAL_LIBRARY_DIR)/Frameworks";
				IPHONEOS_DEPLOYMENT_TARGET = 27.0;
				LD_RUNPATH_SEARCH_PATHS = (
					"@executable_path/Frameworks",
					"@loader_path/Frameworks",
				);
				"LD_RUNPATH_SEARCH_PATHS[sdk=macosx*]" = (
					"@executable_path/../Frameworks",
					"@loader_path/Frameworks",
				);
				MACOSX_DEPLOYMENT_TARGET = 27.0;
				MARKETING_VERSION = 1.0;
				MODULE_VERIFIER_SUPPORTED_LANGUAGES = "objective-c objective-c++";
				MODULE_VERIFIER_SUPPORTED_LANGUAGE_STANDARDS = "gnu17 gnu++20";
				PRODUCT_BUNDLE_IDENTIFIER = com.github.doobnet.AirDC.WebSocketKit;
				PRODUCT_NAME = "$(TARGET_NAME:c99extidentifier)";
				PROVISIONING_PROFILE_SPECIFIER = "";
				SDKROOT = auto;
				SKIP_INSTALL = YES;
				STRING_CATALOG_GENERATE_SYMBOLS = YES;
				SUPPORTED_PLATFORMS = "iphoneos iphonesimulator macosx xros xrsimulator";
				SWIFT_APPROACHABLE_CONCURRENCY = YES;
				SWIFT_EMIT_LOC_STRINGS = YES;
				SWIFT_INSTALL_MODULE = YES;
				SWIFT_INSTALL_OBJC_HEADER = NO;
				SWIFT_UPCOMING_FEATURE_MEMBER_IMPORT_VISIBILITY = YES;
				SWIFT_VERSION = 5.0;
				TARGETED_DEVICE_FAMILY = "1,2,7";
				VERSIONING_SYSTEM = "apple-generic";
				VERSION_INFO_PREFIX = "";
				XROS_DEPLOYMENT_TARGET = 27.0;
			};
			name = Debug;
		};
		612D0F19305707C700B487A9 /* Release configuration for PBXNativeTarget "WebSocketKit" */ = {
			isa = XCBuildConfiguration;
			buildSettings = {
				ALLOW_TARGET_PLATFORM_SPECIALIZATION = YES;
				BUILD_LIBRARY_FOR_DISTRIBUTION = YES;
				CODE_SIGN_STYLE = Manual;
				CURRENT_PROJECT_VERSION = 1;
				DEVELOPMENT_TEAM = "";
				DYLIB_COMPATIBILITY_VERSION = 1;
				DYLIB_CURRENT_VERSION = 1;
				DYLIB_INSTALL_NAME_BASE = "@rpath";
				ENABLE_MODULE_VERIFIER = YES;
				GENERATE_INFOPLIST_FILE = YES;
				INFOPLIST_KEY_NSHumanReadableCopyright = "";
				INSTALL_PATH = "$(LOCAL_LIBRARY_DIR)/Frameworks";
				IPHONEOS_DEPLOYMENT_TARGET = 27.0;
				LD_RUNPATH_SEARCH_PATHS = (
					"@executable_path/Frameworks",
					"@loader_path/Frameworks",
				);
				"LD_RUNPATH_SEARCH_PATHS[sdk=macosx*]" = (
					"@executable_path/../Frameworks",
					"@loader_path/Frameworks",
				);
				MACOSX_DEPLOYMENT_TARGET = 27.0;
				MARKETING_VERSION = 1.0;
				MODULE_VERIFIER_SUPPORTED_LANGUAGES = "objective-c objective-c++";
				MODULE_VERIFIER_SUPPORTED_LANGUAGE_STANDARDS = "gnu17 gnu++20";
				PRODUCT_BUNDLE_IDENTIFIER = com.github.doobnet.AirDC.WebSocketKit;
				PRODUCT_NAME = "$(TARGET_NAME:c99extidentifier)";
				PROVISIONING_PROFILE_SPECIFIER = "";
				SDKROOT = auto;
				SKIP_INSTALL = YES;
				STRING_CATALOG_GENERATE_SYMBOLS = YES;
				SUPPORTED_PLATFORMS = "iphoneos iphonesimulator macosx xros xrsimulator";
				SWIFT_APPROACHABLE_CONCURRENCY = YES;
				SWIFT_EMIT_LOC_STRINGS = YES;
				SWIFT_INSTALL_MODULE = YES;
				SWIFT_INSTALL_OBJC_HEADER = NO;
				SWIFT_UPCOMING_FEATURE_MEMBER_IMPORT_VISIBILITY = YES;
				SWIFT_VERSION = 5.0;
				TARGETED_DEVICE_FAMILY = "1,2,7";
				VERSIONING_SYSTEM = "apple-generic";
				VERSION_INFO_PREFIX = "";
				XROS_DEPLOYMENT_TARGET = 27.0;
			};
			name = Release;
		};
		612D0F1B305707C700B487A9 /* Debug configuration for PBXNativeTarget "WebSocketKitTests" */ = {
			isa = XCBuildConfiguration;
			buildSettings = {
				ALLOW_TARGET_PLATFORM_SPECIALIZATION = YES;
				CODE_SIGN_STYLE = Automatic;
				CURRENT_PROJECT_VERSION = 1;
				DEVELOPMENT_TEAM = DGM3Z2TJ7K;
				GENERATE_INFOPLIST_FILE = YES;
				IPHONEOS_DEPLOYMENT_TARGET = 27.0;
				MACOSX_DEPLOYMENT_TARGET = 27.0;
				MARKETING_VERSION = 1.0;
				PRODUCT_BUNDLE_IDENTIFIER = com.github.doobnet.AirDC.WebSocketKitTests;
				PRODUCT_NAME = "$(TARGET_NAME)";
				SDKROOT = auto;
				STRING_CATALOG_GENERATE_SYMBOLS = NO;
				SUPPORTED_PLATFORMS = "iphoneos iphonesimulator macosx xros xrsimulator";
				SWIFT_APPROACHABLE_CONCURRENCY = YES;
				SWIFT_EMIT_LOC_STRINGS = NO;
				SWIFT_UPCOMING_FEATURE_MEMBER_IMPORT_VISIBILITY = YES;
				SWIFT_VERSION = 5.0;
				TARGETED_DEVICE_FAMILY = "1,2,7";
				TEST_HOST = "$(BUILT_PRODUCTS_DIR)/TestHost.app/$(BUNDLE_EXECUTABLE_FOLDER_PATH)/TestHost";
				XROS_DEPLOYMENT_TARGET = 27.0;
			};
			name = Debug;
		};
		612D0F1C305707C700B487A9 /* Release configuration for PBXNativeTarget "WebSocketKitTests" */ = {
			isa = XCBuildConfiguration;
			buildSettings = {
				ALLOW_TARGET_PLATFORM_SPECIALIZATION = YES;
				CODE_SIGN_STYLE = Automatic;
				CURRENT_PROJECT_VERSION = 1;
				DEVELOPMENT_TEAM = DGM3Z2TJ7K;
				GENERATE_INFOPLIST_FILE = YES;
				IPHONEOS_DEPLOYMENT_TARGET = 27.0;
				MACOSX_DEPLOYMENT_TARGET = 27.0;
				MARKETING_VERSION = 1.0;
				PRODUCT_BUNDLE_IDENTIFIER = com.github.doobnet.AirDC.WebSocketKitTests;
				PRODUCT_NAME = "$(TARGET_NAME)";
				SDKROOT = auto;
				STRING_CATALOG_GENERATE_SYMBOLS = NO;
				SUPPORTED_PLATFORMS = "iphoneos iphonesimulator macosx xros xrsimulator";
				SWIFT_APPROACHABLE_CONCURRENCY = YES;
				SWIFT_EMIT_LOC_STRINGS = NO;
				SWIFT_UPCOMING_FEATURE_MEMBER_IMPORT_VISIBILITY = YES;
				SWIFT_VERSION = 5.0;
				TARGETED_DEVICE_FAMILY = "1,2,7";
				TEST_HOST = "$(BUILT_PRODUCTS_DIR)/TestHost.app/$(BUNDLE_EXECUTABLE_FOLDER_PATH)/TestHost";
				XROS_DEPLOYMENT_TARGET = 27.0;
			};
			name = Release;
		};
		612D0F40305707D800B487A9 /* Debug configuration for PBXNativeTarget "AirDCKit" */ = {
			isa = XCBuildConfiguration;
			buildSettings = {
				ALLOW_TARGET_PLATFORM_SPECIALIZATION = YES;
				BUILD_LIBRARY_FOR_DISTRIBUTION = YES;
				CODE_SIGN_STYLE = Manual;
				CURRENT_PROJECT_VERSION = 1;
				DEVELOPMENT_TEAM = "";
				DYLIB_COMPATIBILITY_VERSION = 1;
				DYLIB_CURRENT_VERSION = 1;
				DYLIB_INSTALL_NAME_BASE = "@rpath";
				ENABLE_MODULE_VERIFIER = YES;
				GENERATE_INFOPLIST_FILE = YES;
				INFOPLIST_KEY_NSHumanReadableCopyright = "";
				INSTALL_PATH = "$(LOCAL_LIBRARY_DIR)/Frameworks";
				IPHONEOS_DEPLOYMENT_TARGET = 27.0;
				LD_RUNPATH_SEARCH_PATHS = (
					"@executable_path/Frameworks",
					"@loader_path/Frameworks",
				);
				"LD_RUNPATH_SEARCH_PATHS[sdk=macosx*]" = (
					"@executable_path/../Frameworks",
					"@loader_path/Frameworks",
				);
				MACOSX_DEPLOYMENT_TARGET = 27.0;
				MARKETING_VERSION = 1.0;
				MODULE_VERIFIER_SUPPORTED_LANGUAGES = "objective-c objective-c++";
				MODULE_VERIFIER_SUPPORTED_LANGUAGE_STANDARDS = "gnu17 gnu++20";
				PRODUCT_BUNDLE_IDENTIFIER = com.github.doobnet.AirDC.AirDCKit;
				PRODUCT_NAME = "$(TARGET_NAME:c99extidentifier)";
				PROVISIONING_PROFILE_SPECIFIER = "";
				SDKROOT = auto;
				SKIP_INSTALL = YES;
				STRING_CATALOG_GENERATE_SYMBOLS = YES;
				SUPPORTED_PLATFORMS = "iphoneos iphonesimulator macosx xros xrsimulator";
				SWIFT_APPROACHABLE_CONCURRENCY = YES;
				SWIFT_EMIT_LOC_STRINGS = YES;
				SWIFT_INSTALL_MODULE = YES;
				SWIFT_INSTALL_OBJC_HEADER = NO;
				SWIFT_UPCOMING_FEATURE_MEMBER_IMPORT_VISIBILITY = YES;
				SWIFT_VERSION = 5.0;
				TARGETED_DEVICE_FAMILY = "1,2,7";
				VERSIONING_SYSTEM = "apple-generic";
				VERSION_INFO_PREFIX = "";
				XROS_DEPLOYMENT_TARGET = 27.0;
			};
			name = Debug;
		};
		612D0F41305707D800B487A9 /* Release configuration for PBXNativeTarget "AirDCKit" */ = {
			isa = XCBuildConfiguration;
			buildSettings = {
				ALLOW_TARGET_PLATFORM_SPECIALIZATION = YES;
				BUILD_LIBRARY_FOR_DISTRIBUTION = YES;
				CODE_SIGN_STYLE = Manual;
				CURRENT_PROJECT_VERSION = 1;
				DEVELOPMENT_TEAM = "";
				DYLIB_COMPATIBILITY_VERSION = 1;
				DYLIB_CURRENT_VERSION = 1;
				DYLIB_INSTALL_NAME_BASE = "@rpath";
				ENABLE_MODULE_VERIFIER = YES;
				GENERATE_INFOPLIST_FILE = YES;
				INFOPLIST_KEY_NSHumanReadableCopyright = "";
				INSTALL_PATH = "$(LOCAL_LIBRARY_DIR)/Frameworks";
				IPHONEOS_DEPLOYMENT_TARGET = 27.0;
				LD_RUNPATH_SEARCH_PATHS = (
					"@executable_path/Frameworks",
					"@loader_path/Frameworks",
				);
				"LD_RUNPATH_SEARCH_PATHS[sdk=macosx*]" = (
					"@executable_path/../Frameworks",
					"@loader_path/Frameworks",
				);
				MACOSX_DEPLOYMENT_TARGET = 27.0;
				MARKETING_VERSION = 1.0;
				MODULE_VERIFIER_SUPPORTED_LANGUAGES = "objective-c objective-c++";
				MODULE_VERIFIER_SUPPORTED_LANGUAGE_STANDARDS = "gnu17 gnu++20";
				PRODUCT_BUNDLE_IDENTIFIER = com.github.doobnet.AirDC.AirDCKit;
				PRODUCT_NAME = "$(TARGET_NAME:c99extidentifier)";
				PROVISIONING_PROFILE_SPECIFIER = "";
				SDKROOT = auto;
				SKIP_INSTALL = YES;
				STRING_CATALOG_GENERATE_SYMBOLS = YES;
				SUPPORTED_PLATFORMS = "iphoneos iphonesimulator macosx xros xrsimulator";
				SWIFT_APPROACHABLE_CONCURRENCY = YES;
				SWIFT_EMIT_LOC_STRINGS = YES;
				SWIFT_INSTALL_MODULE = YES;
				SWIFT_INSTALL_OBJC_HEADER = NO;
				SWIFT_UPCOMING_FEATURE_MEMBER_IMPORT_VISIBILITY = YES;
				SWIFT_VERSION = 5.0;
				TARGETED_DEVICE_FAMILY = "1,2,7";
				VERSIONING_SYSTEM = "apple-generic";
				VERSION_INFO_PREFIX = "";
				XROS_DEPLOYMENT_TARGET = 27.0;
			};
			name = Release;
		};
		612D0F43305707D800B487A9 /* Debug configuration for PBXNativeTarget "AirDCKitTests" */ = {
			isa = XCBuildConfiguration;
			buildSettings = {
				ALLOW_TARGET_PLATFORM_SPECIALIZATION = YES;
				CODE_SIGN_STYLE = Automatic;
				CURRENT_PROJECT_VERSION = 1;
				DEVELOPMENT_TEAM = DGM3Z2TJ7K;
				GENERATE_INFOPLIST_FILE = YES;
				IPHONEOS_DEPLOYMENT_TARGET = 27.0;
				MACOSX_DEPLOYMENT_TARGET = 27.0;
				MARKETING_VERSION = 1.0;
				PRODUCT_BUNDLE_IDENTIFIER = com.github.doobnet.AirDC.AirDCKitTests;
				PRODUCT_NAME = "$(TARGET_NAME)";
				SDKROOT = auto;
				STRING_CATALOG_GENERATE_SYMBOLS = NO;
				SUPPORTED_PLATFORMS = "iphoneos iphonesimulator macosx xros xrsimulator";
				SWIFT_APPROACHABLE_CONCURRENCY = YES;
				SWIFT_EMIT_LOC_STRINGS = NO;
				SWIFT_UPCOMING_FEATURE_MEMBER_IMPORT_VISIBILITY = YES;
				SWIFT_VERSION = 5.0;
				TARGETED_DEVICE_FAMILY = "1,2,7";
				TEST_HOST = "$(BUILT_PRODUCTS_DIR)/TestHost.app/$(BUNDLE_EXECUTABLE_FOLDER_PATH)/TestHost";
				XROS_DEPLOYMENT_TARGET = 27.0;
			};
			name = Debug;
		};
		612D0F44305707D800B487A9 /* Release configuration for PBXNativeTarget "AirDCKitTests" */ = {
			isa = XCBuildConfiguration;
			buildSettings = {
				ALLOW_TARGET_PLATFORM_SPECIALIZATION = YES;
				CODE_SIGN_STYLE = Automatic;
				CURRENT_PROJECT_VERSION = 1;
				DEVELOPMENT_TEAM = DGM3Z2TJ7K;
				GENERATE_INFOPLIST_FILE = YES;
				IPHONEOS_DEPLOYMENT_TARGET = 27.0;
				MACOSX_DEPLOYMENT_TARGET = 27.0;
				MARKETING_VERSION = 1.0;
				PRODUCT_BUNDLE_IDENTIFIER = com.github.doobnet.AirDC.AirDCKitTests;
				PRODUCT_NAME = "$(TARGET_NAME)";
				SDKROOT = auto;
				STRING_CATALOG_GENERATE_SYMBOLS = NO;
				SUPPORTED_PLATFORMS = "iphoneos iphonesimulator macosx xros xrsimulator";
				SWIFT_APPROACHABLE_CONCURRENCY = YES;
				SWIFT_EMIT_LOC_STRINGS = NO;
				SWIFT_UPCOMING_FEATURE_MEMBER_IMPORT_VISIBILITY = YES;
				SWIFT_VERSION = 5.0;
				TARGETED_DEVICE_FAMILY = "1,2,7";
				TEST_HOST = "$(BUILT_PRODUCTS_DIR)/TestHost.app/$(BUNDLE_EXECUTABLE_FOLDER_PATH)/TestHost";
				XROS_DEPLOYMENT_TARGET = 27.0;
			};
			name = Release;
		};
		612D0FD030584B9900B487A9 /* Debug configuration for PBXNativeTarget "TestHost" */ = {
			isa = XCBuildConfiguration;
			buildSettings = {
				ASSETCATALOG_COMPILER_APPICON_NAME = AppIcon;
				ASSETCATALOG_COMPILER_GLOBAL_ACCENT_COLOR_NAME = AccentColor;
				CODE_SIGN_STYLE = Automatic;
				COMBINE_HIDPI_IMAGES = YES;
				CURRENT_PROJECT_VERSION = 1;
				DEVELOPMENT_TEAM = DGM3Z2TJ7K;
				ENABLE_APP_SANDBOX = YES;
				ENABLE_HARDENED_RUNTIME = YES;
				ENABLE_INCOMING_NETWORK_CONNECTIONS = YES;
				ENABLE_OUTGOING_NETWORK_CONNECTIONS = YES;
				ENABLE_PREVIEWS = YES;
				ENABLE_RESOURCE_ACCESS_AUDIO_INPUT = NO;
				ENABLE_RESOURCE_ACCESS_BLUETOOTH = NO;
				ENABLE_RESOURCE_ACCESS_CALENDARS = NO;
				ENABLE_RESOURCE_ACCESS_CAMERA = NO;
				ENABLE_RESOURCE_ACCESS_CONTACTS = NO;
				ENABLE_RESOURCE_ACCESS_LOCATION = NO;
				ENABLE_RESOURCE_ACCESS_PRINTING = NO;
				ENABLE_RESOURCE_ACCESS_USB = NO;
				ENABLE_USER_SELECTED_FILES = readonly;
				GENERATE_INFOPLIST_FILE = YES;
				INFOPLIST_KEY_NSHumanReadableCopyright = "";
				LD_RUNPATH_SEARCH_PATHS = (
					"$(inherited)",
					"@executable_path/../Frameworks",
				);
				MACOSX_DEPLOYMENT_TARGET = 27.0;
				MARKETING_VERSION = 1.0;
				PRODUCT_BUNDLE_IDENTIFIER = com.github.doobnet.AirDC.TestHost;
				PRODUCT_NAME = "$(TARGET_NAME)";
				REGISTER_APP_GROUPS = YES;
				SDKROOT = macosx;
				STRING_CATALOG_GENERATE_SYMBOLS = YES;
				SWIFT_APPROACHABLE_CONCURRENCY = YES;
				SWIFT_DEFAULT_ACTOR_ISOLATION = MainActor;
				SWIFT_EMIT_LOC_STRINGS = YES;
				SWIFT_UPCOMING_FEATURE_MEMBER_IMPORT_VISIBILITY = YES;
				SWIFT_VERSION = 5.0;
			};
			name = Debug;
		};
		612D0FD130584B9900B487A9 /* Release configuration for PBXNativeTarget "TestHost" */ = {
			isa = XCBuildConfiguration;
			buildSettings = {
				ASSETCATALOG_COMPILER_APPICON_NAME = AppIcon;
				ASSETCATALOG_COMPILER_GLOBAL_ACCENT_COLOR_NAME = AccentColor;
				CODE_SIGN_STYLE = Automatic;
				COMBINE_HIDPI_IMAGES = YES;
				CURRENT_PROJECT_VERSION = 1;
				DEVELOPMENT_TEAM = DGM3Z2TJ7K;
				ENABLE_APP_SANDBOX = YES;
				ENABLE_HARDENED_RUNTIME = YES;
				ENABLE_INCOMING_NETWORK_CONNECTIONS = YES;
				ENABLE_OUTGOING_NETWORK_CONNECTIONS = YES;
				ENABLE_PREVIEWS = YES;
				ENABLE_RESOURCE_ACCESS_AUDIO_INPUT = NO;
				ENABLE_RESOURCE_ACCESS_BLUETOOTH = NO;
				ENABLE_RESOURCE_ACCESS_CALENDARS = NO;
				ENABLE_RESOURCE_ACCESS_CAMERA = NO;
				ENABLE_RESOURCE_ACCESS_CONTACTS = NO;
				ENABLE_RESOURCE_ACCESS_LOCATION = NO;
				ENABLE_RESOURCE_ACCESS_PRINTING = NO;
				ENABLE_RESOURCE_ACCESS_USB = NO;
				ENABLE_USER_SELECTED_FILES = readonly;
				GENERATE_INFOPLIST_FILE = YES;
				INFOPLIST_KEY_NSHumanReadableCopyright = "";
				LD_RUNPATH_SEARCH_PATHS = (
					"$(inherited)",
					"@executable_path/../Frameworks",
				);
				MACOSX_DEPLOYMENT_TARGET = 27.0;
				MARKETING_VERSION = 1.0;
				PRODUCT_BUNDLE_IDENTIFIER = com.github.doobnet.AirDC.TestHost;
				PRODUCT_NAME = "$(TARGET_NAME)";
				REGISTER_APP_GROUPS = YES;
				SDKROOT = macosx;
				STRING_CATALOG_GENERATE_SYMBOLS = YES;
				SWIFT_APPROACHABLE_CONCURRENCY = YES;
				SWIFT_DEFAULT_ACTOR_ISOLATION = MainActor;
				SWIFT_EMIT_LOC_STRINGS = YES;
				SWIFT_UPCOMING_FEATURE_MEMBER_IMPORT_VISIBILITY = YES;
				SWIFT_VERSION = 5.0;
			};
			name = Release;
		};
/* End XCBuildConfiguration section */

/* Begin XCConfigurationList section */
		612D0E603057071500B487A9 /* Build configuration list for PBXProject "AirDC" */ = {
			isa = XCConfigurationList;
			buildConfigurations = (
				612D0E823057071700B487A9 /* Debug configuration for PBXProject "AirDC" */,
				612D0E833057071700B487A9 /* Release configuration for PBXProject "AirDC" */,
			);
			defaultConfigurationName = Release;
		};
		612D0E843057071700B487A9 /* Build configuration list for PBXNativeTarget "AirDC" */ = {
			isa = XCConfigurationList;
			buildConfigurations = (
				612D0E853057071700B487A9 /* Debug configuration for PBXNativeTarget "AirDC" */,
				612D0E863057071700B487A9 /* Release configuration for PBXNativeTarget "AirDC" */,
			);
			defaultConfigurationName = Release;
		};
		612D0E873057071700B487A9 /* Build configuration list for PBXNativeTarget "AirDCTests" */ = {
			isa = XCConfigurationList;
			buildConfigurations = (
				612D0E883057071700B487A9 /* Debug configuration for PBXNativeTarget "AirDCTests" */,
				612D0E893057071700B487A9 /* Release configuration for PBXNativeTarget "AirDCTests" */,
			);
			defaultConfigurationName = Release;
		};
		612D0E8A3057071700B487A9 /* Build configuration list for PBXNativeTarget "AirDCUITests" */ = {
			isa = XCConfigurationList;
			buildConfigurations = (
				612D0E8B3057071700B487A9 /* Debug configuration for PBXNativeTarget "AirDCUITests" */,
				612D0E8C3057071700B487A9 /* Release configuration for PBXNativeTarget "AirDCUITests" */,
			);
			defaultConfigurationName = Release;
		};
		612D0EF7305707AF00B487A9 /* Build configuration list for PBXNativeTarget "UtilityKit" */ = {
			isa = XCConfigurationList;
			buildConfigurations = (
				612D0EF3305707AF00B487A9 /* Debug configuration for PBXNativeTarget "UtilityKit" */,
				612D0EF4305707AF00B487A9 /* Release configuration for PBXNativeTarget "UtilityKit" */,
			);
			defaultConfigurationName = Release;
		};
		612D0EF8305707AF00B487A9 /* Build configuration list for PBXNativeTarget "UtilityKitTests" */ = {
			isa = XCConfigurationList;
			buildConfigurations = (
				612D0EF5305707AF00B487A9 /* Debug configuration for PBXNativeTarget "UtilityKitTests" */,
				612D0EF6305707AF00B487A9 /* Release configuration for PBXNativeTarget "UtilityKitTests" */,
			);
			defaultConfigurationName = Release;
		};
		612D0F17305707C700B487A9 /* Build configuration list for PBXNativeTarget "WebSocketKit" */ = {
			isa = XCConfigurationList;
			buildConfigurations = (
				612D0F18305707C700B487A9 /* Debug configuration for PBXNativeTarget "WebSocketKit" */,
				612D0F19305707C700B487A9 /* Release configuration for PBXNativeTarget "WebSocketKit" */,
			);
			defaultConfigurationName = Release;
		};
		612D0F1A305707C700B487A9 /* Build configuration list for PBXNativeTarget "WebSocketKitTests" */ = {
			isa = XCConfigurationList;
			buildConfigurations = (
				612D0F1B305707C700B487A9 /* Debug configuration for PBXNativeTarget "WebSocketKitTests" */,
				612D0F1C305707C700B487A9 /* Release configuration for PBXNativeTarget "WebSocketKitTests" */,
			);
			defaultConfigurationName = Release;
		};
		612D0F3F305707D800B487A9 /* Build configuration list for PBXNativeTarget "AirDCKit" */ = {
			isa = XCConfigurationList;
			buildConfigurations = (
				612D0F40305707D800B487A9 /* Debug configuration for PBXNativeTarget "AirDCKit" */,
				612D0F41305707D800B487A9 /* Release configuration for PBXNativeTarget "AirDCKit" */,
			);
			defaultConfigurationName = Release;
		};
		612D0F42305707D800B487A9 /* Build configuration list for PBXNativeTarget "AirDCKitTests" */ = {
			isa = XCConfigurationList;
			buildConfigurations = (
				612D0F43305707D800B487A9 /* Debug configuration for PBXNativeTarget "AirDCKitTests" */,
				612D0F44305707D800B487A9 /* Release configuration for PBXNativeTarget "AirDCKitTests" */,
			);
			defaultConfigurationName = Release;
		};
		612D0FCF30584B9900B487A9 /* Build configuration list for PBXNativeTarget "TestHost" */ = {
			isa = XCConfigurationList;
			buildConfigurations = (
				612D0FD030584B9900B487A9 /* Debug configuration for PBXNativeTarget "TestHost" */,
				612D0FD130584B9900B487A9 /* Release configuration for PBXNativeTarget "TestHost" */,
			);
			defaultConfigurationName = Release;
		};
/* End XCConfigurationList section */

/* Begin XCRemoteSwiftPackageReference section */
		612D0F5330570A2600B487A9 /* XCRemoteSwiftPackageReference "SplitView" */ = {
			isa = XCRemoteSwiftPackageReference;
			repositoryURL = "https://github.com/stevengharris/SplitView";
			requirement = {
				kind = upToNextMajorVersion;
				minimumVersion = 3.5.3;
			};
		};
		612D0FBD30570C1000B487A9 /* XCRemoteSwiftPackageReference "swift-mock" */ = {
			isa = XCRemoteSwiftPackageReference;
			repositoryURL = "https://github.com/MetalheadSanya/swift-mock";
			requirement = {
				kind = upToNextMajorVersion;
				minimumVersion = 0.8.0;
			};
		};
/* End XCRemoteSwiftPackageReference section */

/* Begin XCSwiftPackageProductDependency section */
		612D0F5430570A2600B487A9 /* SplitView */ = {
			isa = XCSwiftPackageProductDependency;
			package = 612D0F5330570A2600B487A9 /* XCRemoteSwiftPackageReference "SplitView" */;
			productName = SplitView;
		};
		612D0FBE30570C1000B487A9 /* SwiftMockConfiguration */ = {
			isa = XCSwiftPackageProductDependency;
			package = 612D0FBD30570C1000B487A9 /* XCRemoteSwiftPackageReference "swift-mock" */;
			productName = SwiftMockConfiguration;
		};
		612D0FC130570C3400B487A9 /* SwiftMockConfiguration */ = {
			isa = XCSwiftPackageProductDependency;
			package = 612D0FBD30570C1000B487A9 /* XCRemoteSwiftPackageReference "swift-mock" */;
			productName = SwiftMockConfiguration;
		};
/* End XCSwiftPackageProductDependency section */
	};
	rootObject = 612D0E5D3057071500B487A9 /* Project object */;
	validationLevel = 1;
}
